dependencies:
- name: hono
  repository: oci://atnog-harbor.av.it.pt/capucho
  version: 2.6.4
- name: ditto
  repository: oci://registry-1.docker.io/eclipse
  version: 4.1.0
- name: reloader
  repository: https://stakater.github.io/stakater-charts
  version: 2.2.14
- name: psmdb-db
  repository: https://percona.github.io/percona-helm-charts/
  version: 1.20.1
- name: dt4mob-controller
  repository: file://../dt4mob-controller
  version: 0.1.0
- name: dt4mob-certificate-service
  repository: file://../dt4mob-certificate-service
  version: 0.1.0
- name: dt4mob-historical
  repository: file://../dt4mob-historical
  version: 0.1.0
- name: dt4mob-garbage-collector
  repository: file://../dt4mob-garbage-collector
  version: 0.1.0
- name: dt4mob-ingress
  repository: file://../dt4mob-ingress
  version: 0.1.0
- name: dt4mob-level-ams-loader
  repository: file://../dt4mob-level-ams-loader
  version: 0.1.0
- name: dt4mob-viz
  repository: file://../dt4mob-viz
  version: 0.1.0
- name: dt4mob-meteo-populator
  repository: file://../dt4mob-meteo-populator
  version: 0.1.0
digest: sha256:8ef160bd36361923fb345fa65b5da1aef5fed3ccbbc85695c5c7ed055c80433d
generated: "2026-07-13T19:36:22.552005356+01:00"
