dependencies:
- name: hono
  repository: file://../../../eclipse-packages/charts/hono
  version: 2.6.4
- name: ditto
  repository: oci://registry-1.docker.io/eclipse
  version: 3.7.6
digest: sha256:0a45c83ca5e64f8d60ff9dddac968755ce92f24851da5f0f9c1523abc051bf63
generated: "2025-09-18T11:38:00.234367339+01:00"
