dependencies:
- name: hono
  repository: oci://atnog-harbor.av.it.pt/capucho
  version: 2.6.4
- name: ditto
  repository: oci://registry-1.docker.io/eclipse
  version: 3.8.12
- name: reloader
  repository: https://stakater.github.io/stakater-charts
  version: 2.2.9
- name: psmdb-db
  repository: https://percona.github.io/percona-helm-charts/
  version: 1.20.1
- name: dt4mob-controller
  repository: file://../dt4mob-controller
  version: 0.1.0
digest: sha256:1d4959a354b4189197bd9660c3b1e76bee5f619eff03ad1b686a22b3c573d0d1
generated: "2026-03-11T15:39:50.883678694Z"
